
Microsoft Visual Studio Solution File, Format Version 12.00
# Visual Studio Version 16
VisualStudioVersion = 16.0.29911.84
MinimumVisualStudioVersion = 10.0.40219.1
Project("{8BC9CEB8-8B4A-11D0-8D11-00A0C91BC942}") = "Project19", "Project19\Project19.vcxproj", "{5330CD94-B852-497C-852D-3EFA016D20DA}"
EndProject
Global
	GlobalSection(SolutionConfigurationPlatforms) = preSolution
		Debug|x64 = Debug|x64
		Debug|x86 = Debug|x86
		Release|x64 = Release|x64
		Release|x86 = Release|x86
	EndGlobalSection
	GlobalSection(ProjectConfigurationPlatforms) = postSolution
		{5330CD94-B852-497C-852D-3EFA016D20DA}.Debug|x64.ActiveCfg = Debug|x64
		{5330CD94-B852-497C-852D-3EFA016D20DA}.Debug|x64.Build.0 = Debug|x64
		{5330CD94-B852-497C-852D-3EFA016D20DA}.Debug|x86.ActiveCfg = Debug|Win32
		{5330CD94-B852-497C-852D-3EFA016D20DA}.Debug|x86.Build.0 = Debug|Win32
		{5330CD94-B852-497C-852D-3EFA016D20DA}.Release|x64.ActiveCfg = Release|x64
		{5330CD94-B852-497C-852D-3EFA016D20DA}.Release|x64.Build.0 = Release|x64
		{5330CD94-B852-497C-852D-3EFA016D20DA}.Release|x86.ActiveCfg = Release|Win32
		{5330CD94-B852-497C-852D-3EFA016D20DA}.Release|x86.Build.0 = Release|Win32
	EndGlobalSection
	GlobalSection(SolutionProperties) = preSolution
		HideSolutionNode = FALSE
	EndGlobalSection
	GlobalSection(ExtensibilityGlobals) = postSolution
		SolutionGuid = {8046BB12-4B7E-4AE9-BC0A-6E0904B85FC8}
	EndGlobalSection
EndGlobal
